Microsoft Visual Studio Solution File, Format Version 12.00
# Visual Studio Version 17
VisualStudioVersion = 17.5.2.0
MinimumVisualStudioVersion = 10.0.40219.1
Project("{FAE04EC0-301F-11D3-BF4B-00C04F79EFBC}") = "TattooStudio.API", "TattooStudio.API\TattooStudio.API.csproj", "{343BA9B8-8573-6C14-D823-F1FED88FC770}"
EndProject
Global
	GlobalSection(SolutionConfigurationPlatforms) = preSolution
		Debug|Any CPU = Debug|Any CPU
		Release|Any CPU = Release|Any CPU
	EndGlobalSection
	GlobalSection(ProjectConfigurationPlatforms) = postSolution
		{343BA9B8-8573-6C14-D823-F1FED88FC770}.Debug|Any CPU.ActiveCfg = Debug|Any CPU
		{343BA9B8-8573-6C14-D823-F1FED88FC770}.Debug|Any CPU.Build.0 = Debug|Any CPU
		{343BA9B8-8573-6C14-D823-F1FED88FC770}.Release|Any CPU.ActiveCfg = Release|Any CPU
		{343BA9B8-8573-6C14-D823-F1FED88FC770}.Release|Any CPU.Build.0 = Release|Any CPU
	EndGlobalSection
	GlobalSection(SolutionProperties) = preSolution
		HideSolutionNode = FALSE
	EndGlobalSection
	GlobalSection(ExtensibilityGlobals) = postSolution
		SolutionGuid = {1D9A68E2-01BD-4B8A-A111-9FA7F87ECE1E}
	EndGlobalSection
EndGlobal
